# @generated - this file is auto-generated by `mise lock` https://mise.en.dev/dev-tools/mise-lock.html

[conda-packages.linux-x64."_openmp_mutex-4.5-20_gnu"]
url = "https://conda.anaconda.org/conda-forge/linux-64/_openmp_mutex-4.5-20_gnu.conda"
checksum = "sha256:1dd3fffd892081df9726d7eb7e0dea6198962ba775bd88842135a4ddb4deb3c9"

[conda-packages.linux-x64."alsa-lib-1.2.15.3-hb03c661_0"]
url = "https://conda.anaconda.org/conda-forge/linux-64/alsa-lib-1.2.15.3-hb03c661_0.conda"
checksum = "sha256:d88aa7ae766cf584e180996e92fef2aa7d8e0a0a5ab1d4d49c32390c1b5fff31"

[conda-packages.linux-x64."aom-3.9.1-hac33072_0"]
url = "https://conda.anaconda.org/conda-forge/linux-64/aom-3.9.1-hac33072_0.conda"
checksum = "sha256:b08ef033817b5f9f76ce62dfcac7694e7b6b4006420372de22494503decac855"

[conda-packages.linux-x64."bzip2-1.0.8-hda65f42_9"]
url = "https://conda.anaconda.org/conda-forge/linux-64/bzip2-1.0.8-hda65f42_9.conda"
checksum = "sha256:0b75d45f0bba3e95dc693336fa51f40ea28c980131fec438afb7ce6118ed05f6"

[conda-packages.linux-x64."c-ares-1.34.6-hb03c661_0"]
url = "https://conda.anaconda.org/conda-forge/linux-64/c-ares-1.34.6-hb03c661_0.conda"
checksum = "sha256:cc9accf72fa028d31c2a038460787751127317dcfa991f8d1f1babf216bb454e"

[conda-packages.linux-x64."ca-certificates-2026.4.22-hbd8a1cb_0"]
url = "https://conda.anaconda.org/conda-forge/noarch/ca-certificates-2026.4.22-hbd8a1cb_0.conda"
checksum = "sha256:c9dbcc8039a52023660d6d1bbf87594a93dd69c6ac5a2a44323af2c92976728d"

[conda-packages.linux-x64."cairo-1.18.4-he90730b_1"]
url = "https://conda.anaconda.org/conda-forge/linux-64/cairo-1.18.4-he90730b_1.conda"
checksum = "sha256:06525fa0c4e4f56e771a3b986d0fdf0f0fc5a3270830ee47e127a5105bde1b9a"

[conda-packages.linux-x64."dav1d-1.2.1-hd590300_0"]
url = "https://conda.anaconda.org/conda-forge/linux-64/dav1d-1.2.1-hd590300_0.conda"
checksum = "sha256:22053a5842ca8ee1cf8e1a817138cdb5e647eb2c46979f84153f6ad7bde73020"

[conda-packages.linux-x64."dbus-1.16.2-h24cb091_1"]
url = "https://conda.anaconda.org/conda-forge/linux-64/dbus-1.16.2-h24cb091_1.conda"
checksum = "sha256:8bb557af1b2b7983cf56292336a1a1853f26555d9c6cecf1e5b2b96838c9da87"

[conda-packages.linux-x64."font-ttf-dejavu-sans-mono-2.37-hab24e00_0"]
url = "https://conda.anaconda.org/conda-forge/noarch/font-ttf-dejavu-sans-mono-2.37-hab24e00_0.tar.bz2"
checksum = "sha256:58d7f40d2940dd0a8aa28651239adbf5613254df0f75789919c4e6762054403b"

[conda-packages.linux-x64."font-ttf-inconsolata-3.000-h77eed37_0"]
url = "https://conda.anaconda.org/conda-forge/noarch/font-ttf-inconsolata-3.000-h77eed37_0.tar.bz2"
checksum = "sha256:c52a29fdac682c20d252facc50f01e7c2e7ceac52aa9817aaf0bb83f7559ec5c"

[conda-packages.linux-x64."font-ttf-source-code-pro-2.038-h77eed37_0"]
url = "https://conda.anaconda.org/conda-forge/noarch/font-ttf-source-code-pro-2.038-h77eed37_0.tar.bz2"
checksum = "sha256:00925c8c055a2275614b4d983e1df637245e19058d79fc7dd1a93b8d9fb4b139"

[conda-packages.linux-x64."font-ttf-ubuntu-0.83-h77eed37_3"]
url = "https://conda.anaconda.org/conda-forge/noarch/font-ttf-ubuntu-0.83-h77eed37_3.conda"
checksum = "sha256:2821ec1dc454bd8b9a31d0ed22a7ce22422c0aef163c59f49dfdf915d0f0ca14"

[conda-packages.linux-x64."fontconfig-2.17.1-h27c8c51_0"]
url = "https://conda.anaconda.org/conda-forge/linux-64/fontconfig-2.17.1-h27c8c51_0.conda"
checksum = "sha256:aa4a44dba97151221100a637c7f4bde619567afade9c0265f8e1c8eed8d7bd8c"

[conda-packages.linux-x64.fonts-conda-ecosystem-1-0]
url = "https://conda.anaconda.org/conda-forge/noarch/fonts-conda-ecosystem-1-0.tar.bz2"
checksum = "sha256:a997f2f1921bb9c9d76e6fa2f6b408b7fa549edd349a77639c9fe7a23ea93e61"

[conda-packages.linux-x64.fonts-conda-forge-1-hc364b38_1]
url = "https://conda.anaconda.org/conda-forge/noarch/fonts-conda-forge-1-hc364b38_1.conda"
checksum = "sha256:54eea8469786bc2291cc40bca5f46438d3e062a399e8f53f013b6a9f50e98333"

[conda-packages.linux-x64."fribidi-1.0.16-hb03c661_0"]
url = "https://conda.anaconda.org/conda-forge/linux-64/fribidi-1.0.16-hb03c661_0.conda"
checksum = "sha256:858283ff33d4c033f4971bf440cebff217d5552a5222ba994c49be990dacd40d"

[conda-packages.linux-x64."gdk-pixbuf-2.44.6-h2b0a6b4_0"]
url = "https://conda.anaconda.org/conda-forge/linux-64/gdk-pixbuf-2.44.6-h2b0a6b4_0.conda"
checksum = "sha256:c5594497f0646e9079705b3199dbb2d5b13c48173cf110000fa1c8818e2b3e0c"

[conda-packages.linux-x64."glslang-16.3.0-h96af755_0"]
url = "https://conda.anaconda.org/conda-forge/linux-64/glslang-16.3.0-h96af755_0.conda"
checksum = "sha256:3c9b6a90937a96ad27d160304cdbe5e9961db613aba2b84ff673429f0c61d48e"

[conda-packages.linux-x64."gmp-6.3.0-hac33072_2"]
url = "https://conda.anaconda.org/conda-forge/linux-64/gmp-6.3.0-hac33072_2.conda"
checksum = "sha256:309cf4f04fec0c31b6771a5809a1909b4b3154a2208f52351e1ada006f4c750c"

[conda-packages.linux-x64."graphite2-1.3.14-hecca717_2"]
url = "https://conda.anaconda.org/conda-forge/linux-64/graphite2-1.3.14-hecca717_2.conda"
checksum = "sha256:25ba37da5c39697a77fce2c9a15e48cf0a84f1464ad2aafbe53d8357a9f6cc8c"

[conda-packages.linux-x64."harfbuzz-14.2.0-h6083320_0"]
url = "https://conda.anaconda.org/conda-forge/linux-64/harfbuzz-14.2.0-h6083320_0.conda"
checksum = "sha256:232c95b56d16d33d8256026a3b1ad34f7f9a75c179d388854be0fd624ddba9e3"

[conda-packages.linux-x64."icu-78.3-h33c6efd_0"]
url = "https://conda.anaconda.org/conda-forge/linux-64/icu-78.3-h33c6efd_0.conda"
checksum = "sha256:fbf86c4a59c2ed05bbffb2ba25c7ed94f6185ec30ecb691615d42342baa1a16a"

[conda-packages.linux-x64."intel-gmmlib-22.10.0-hb700be7_0"]
url = "https://conda.anaconda.org/conda-forge/linux-64/intel-gmmlib-22.10.0-hb700be7_0.conda"
checksum = "sha256:bc231d69eb6663db0e09738fb916c5e5507147cf1ac60f364f964004e0b29bab"

[conda-packages.linux-x64."intel-media-driver-26.1.6-hecca717_0"]
url = "https://conda.anaconda.org/conda-forge/linux-64/intel-media-driver-26.1.6-hecca717_0.conda"
checksum = "sha256:7cbd7fda22db70c64af64c9173434a4ede58e4f220bda52a044e469aa94c65cb"

[conda-packages.linux-x64."keyutils-1.6.3-hb9d3cd8_0"]
url = "https://conda.anaconda.org/conda-forge/linux-64/keyutils-1.6.3-hb9d3cd8_0.conda"
checksum = "sha256:0960d06048a7185d3542d850986d807c6e37ca2e644342dd0c72feefcf26c2a4"

[conda-packages.linux-x64."krb5-1.22.2-ha1258a1_0"]
url = "https://conda.anaconda.org/conda-forge/linux-64/krb5-1.22.2-ha1258a1_0.conda"
checksum = "sha256:3e307628ca3527448dd1cb14ad7bb9d04d1d28c7d4c5f97ba196ae984571dd25"

[conda-packages.linux-x64."lame-3.100-h166bdaf_1003"]
url = "https://conda.anaconda.org/conda-forge/linux-64/lame-3.100-h166bdaf_1003.tar.bz2"
checksum = "sha256:aad2a703b9d7b038c0f745b853c6bb5f122988fe1a7a096e0e606d9cbec4eaab"

[conda-packages.linux-x64."lcms2-2.19.1-h0c24ade_0"]
url = "https://conda.anaconda.org/conda-forge/linux-64/lcms2-2.19.1-h0c24ade_0.conda"
checksum = "sha256:eb89c6c39f2f6a93db55723dbb2f6bba8c8e63e6312bf1abf13e6e9ff45849c8"

[conda-packages.linux-x64."lerc-4.1.0-hdb68285_0"]
url = "https://conda.anaconda.org/conda-forge/linux-64/lerc-4.1.0-hdb68285_0.conda"
checksum = "sha256:f84cb54782f7e9cea95e810ea8fef186e0652d0fa73d3009914fa2c1262594e1"

[conda-packages.linux-x64."level-zero-1.28.4-hb700be7_0"]
url = "https://conda.anaconda.org/conda-forge/linux-64/level-zero-1.28.4-hb700be7_0.conda"
checksum = "sha256:ed1eb569df9bbfcb4b451478eaba03cbd2d26efed88152ad2e4b7b7b2297ef84"

[conda-packages.linux-x64."libabseil-20260107.1-cxx17_h7b12aa8_0"]
url = "https://conda.anaconda.org/conda-forge/linux-64/libabseil-20260107.1-cxx17_h7b12aa8_0.conda"
checksum = "sha256:a7a4481a4d217a3eadea0ec489826a69070fcc3153f00443aa491ed21527d239"

[conda-packages.linux-x64."libass-0.17.4-h96ad9f0_0"]
url = "https://conda.anaconda.org/conda-forge/linux-64/libass-0.17.4-h96ad9f0_0.conda"
checksum = "sha256:035eb8b54e03e72e42ef707420f9979c7427776ea99e0f1e3c969f92eb573f19"

[conda-packages.linux-x64."libbrotlicommon-1.2.0-hb03c661_1"]
url = "https://conda.anaconda.org/conda-forge/linux-64/libbrotlicommon-1.2.0-hb03c661_1.conda"
checksum = "sha256:318f36bd49ca8ad85e6478bd8506c88d82454cc008c1ac1c6bf00a3c42fa610e"

[conda-packages.linux-x64."libbrotlidec-1.2.0-hb03c661_1"]
url = "https://conda.anaconda.org/conda-forge/linux-64/libbrotlidec-1.2.0-hb03c661_1.conda"
checksum = "sha256:12fff21d38f98bc446d82baa890e01fd82e3b750378fedc720ff93522ffb752b"

[conda-packages.linux-x64."libbrotlienc-1.2.0-hb03c661_1"]
url = "https://conda.anaconda.org/conda-forge/linux-64/libbrotlienc-1.2.0-hb03c661_1.conda"
checksum = "sha256:a0c15c79997820bbd3fbc8ecf146f4fe0eca36cc60b62b63ac6cf78857f1dd0d"

[conda-packages.linux-x64."libcap-2.77-hd0affe5_1"]
url = "https://conda.anaconda.org/conda-forge/linux-64/libcap-2.77-hd0affe5_1.conda"
checksum = "sha256:37c41b1024d0c75da76822e3c079aabaf121618a32fe05e53a897b35a88008fc"

[conda-packages.linux-x64."libcurl-8.20.0-hcf29cc6_0"]
url = "https://conda.anaconda.org/conda-forge/linux-64/libcurl-8.20.0-hcf29cc6_0.conda"
checksum = "sha256:75963a5dd913311f59a35dbd307592f4fa754c4808aff9c33edb430c415e38eb"

[conda-packages.linux-x64."libdeflate-1.25-h17f619e_0"]
url = "https://conda.anaconda.org/conda-forge/linux-64/libdeflate-1.25-h17f619e_0.conda"
checksum = "sha256:aa8e8c4be9a2e81610ddf574e05b64ee131fab5e0e3693210c9d6d2fba32c680"

[conda-packages.linux-x64."libdovi-3.3.2-ha23c83e_4"]
url = "https://conda.anaconda.org/conda-forge/linux-64/libdovi-3.3.2-ha23c83e_4.conda"
checksum = "sha256:d15432f07f654583978712e034d308b103a8b4650f0fdec172b5031a8af2b6c9"

[conda-packages.linux-x64."libdrm-2.4.125-hb03c661_1"]
url = "https://conda.anaconda.org/conda-forge/linux-64/libdrm-2.4.125-hb03c661_1.conda"
checksum = "sha256:c076a213bd3676cc1ef22eeff91588826273513ccc6040d9bea68bccdc849501"

[conda-packages.linux-x64."libedit-3.1.20250104-pl5321h7949ede_0"]
url = "https://conda.anaconda.org/conda-forge/linux-64/libedit-3.1.20250104-pl5321h7949ede_0.conda"
checksum = "sha256:d789471216e7aba3c184cd054ed61ce3f6dac6f87a50ec69291b9297f8c18724"

[conda-packages.linux-x64."libegl-1.7.0-ha4b6fd6_2"]
url = "https://conda.anaconda.org/conda-forge/linux-64/libegl-1.7.0-ha4b6fd6_2.conda"
checksum = "sha256:7fd5408d359d05a969133e47af580183fbf38e2235b562193d427bb9dad79723"

[conda-packages.linux-x64."libev-4.33-hd590300_2"]
url = "https://conda.anaconda.org/conda-forge/linux-64/libev-4.33-hd590300_2.conda"
checksum = "sha256:1cd6048169fa0395af74ed5d8f1716e22c19a81a8a36f934c110ca3ad4dd27b4"

[conda-packages.linux-x64."libexpat-2.8.0-hecca717_0"]
url = "https://conda.anaconda.org/conda-forge/linux-64/libexpat-2.8.0-hecca717_0.conda"
checksum = "sha256:ea33c40977ea7a2c3658c522230058395bc2ee0d89d99f0711390b6a1ee80d12"

[conda-packages.linux-x64."libffi-3.5.2-h3435931_0"]
url = "https://conda.anaconda.org/conda-forge/linux-64/libffi-3.5.2-h3435931_0.conda"
checksum = "sha256:31f19b6a88ce40ebc0d5a992c131f57d919f73c0b92cd1617a5bec83f6e961e6"

[conda-packages.linux-x64."libflac-1.5.0-he200343_1"]
url = "https://conda.anaconda.org/conda-forge/linux-64/libflac-1.5.0-he200343_1.conda"
checksum = "sha256:e755e234236bdda3d265ae82e5b0581d259a9279e3e5b31d745dc43251ad64fb"

[conda-packages.linux-x64."libfreetype-2.14.3-ha770c72_0"]
url = "https://conda.anaconda.org/conda-forge/linux-64/libfreetype-2.14.3-ha770c72_0.conda"
checksum = "sha256:38f014a7129e644636e46064ecd6b1945e729c2140e21d75bb476af39e692db2"

[conda-packages.linux-x64."libfreetype6-2.14.3-h73754d4_0"]
url = "https://conda.anaconda.org/conda-forge/linux-64/libfreetype6-2.14.3-h73754d4_0.conda"
checksum = "sha256:16f020f96da79db1863fcdd8f2b8f4f7d52f177dd4c58601e38e9182e91adf1d"

[conda-packages.linux-x64."libgcc-15.2.0-he0feb66_19"]
url = "https://conda.anaconda.org/conda-forge/linux-64/libgcc-15.2.0-he0feb66_19.conda"
checksum = "sha256:8e0a3b5e41272e5678499b5dfc4cddb673f9e935de01eb0767ce857001229f46"

[conda-packages.linux-x64."libgcc-ng-15.2.0-h69a702a_19"]
url = "https://conda.anaconda.org/conda-forge/linux-64/libgcc-ng-15.2.0-h69a702a_19.conda"
checksum = "sha256:9dcf54adfaa5e861123c2da4f2f0451a685464ea7e5a41ad91cf67b31d658d98"

[conda-packages.linux-x64."libgl-1.7.0-ha4b6fd6_2"]
url = "https://conda.anaconda.org/conda-forge/linux-64/libgl-1.7.0-ha4b6fd6_2.conda"
checksum = "sha256:dc2752241fa3d9e40ce552c1942d0a4b5eeb93740c9723873f6fcf8d39ef8d2d"

[conda-packages.linux-x64."libglib-2.88.1-h0d30a3d_2"]
url = "https://conda.anaconda.org/conda-forge/linux-64/libglib-2.88.1-h0d30a3d_2.conda"
checksum = "sha256:33eb5d5310a5c2c0a4707a0afa644801c2e08c8f70c45e1f62f354116dfe0970"

[conda-packages.linux-x64."libglvnd-1.7.0-ha4b6fd6_2"]
url = "https://conda.anaconda.org/conda-forge/linux-64/libglvnd-1.7.0-ha4b6fd6_2.conda"
checksum = "sha256:1175f8a7a0c68b7f81962699751bb6574e6f07db4c9f72825f978e3016f46850"

[conda-packages.linux-x64."libglx-1.7.0-ha4b6fd6_2"]
url = "https://conda.anaconda.org/conda-forge/linux-64/libglx-1.7.0-ha4b6fd6_2.conda"
checksum = "sha256:2d35a679624a93ce5b3e9dd301fff92343db609b79f0363e6d0ceb3a6478bfa7"

[conda-packages.linux-x64."libgomp-15.2.0-he0feb66_19"]
url = "https://conda.anaconda.org/conda-forge/linux-64/libgomp-15.2.0-he0feb66_19.conda"
checksum = "sha256:5abe4ab9d93f6c9757d654f1969ae2267d4505315c1f2f8fe705fd60af084f1b"

[conda-packages.linux-x64."libhwloc-2.13.0-default_he001693_1000"]
url = "https://conda.anaconda.org/conda-forge/linux-64/libhwloc-2.13.0-default_he001693_1000.conda"
checksum = "sha256:5041d295813dfb84652557839825880aae296222ab725972285c5abe3b6e4288"

[conda-packages.linux-x64."libhwy-1.4.0-h10be129_0"]
url = "https://conda.anaconda.org/conda-forge/linux-64/libhwy-1.4.0-h10be129_0.conda"
checksum = "sha256:8b70955d5e9a49d08945d4f8e2eab855b2efa5fce9cb9bc5e75d86764e6f2f38"

[conda-packages.linux-x64."libiconv-1.18-h3b78370_2"]
url = "https://conda.anaconda.org/conda-forge/linux-64/libiconv-1.18-h3b78370_2.conda"
checksum = "sha256:c467851a7312765447155e071752d7bf9bf44d610a5687e32706f480aad2833f"

[conda-packages.linux-x64."libjpeg-turbo-3.1.4.1-hb03c661_0"]
url = "https://conda.anaconda.org/conda-forge/linux-64/libjpeg-turbo-3.1.4.1-hb03c661_0.conda"
checksum = "sha256:10056646c28115b174de81a44e23e3a0a3b95b5347d2e6c45cc6d49d35294256"

[conda-packages.linux-x64."libjxl-0.11.2-h174a0a3_1"]
url = "https://conda.anaconda.org/conda-forge/linux-64/libjxl-0.11.2-h174a0a3_1.conda"
checksum = "sha256:0c8a78c6a42a6e4c6de3a5e82d692f60400d43f4cc80591745f28b37daad9c70"

[conda-packages.linux-x64."liblzma-5.8.3-hb03c661_0"]
url = "https://conda.anaconda.org/conda-forge/linux-64/liblzma-5.8.3-hb03c661_0.conda"
checksum = "sha256:ec30e52a3c1bf7d0425380a189d209a52baa03f22fb66dd3eb587acaa765bd6d"

[conda-packages.linux-x64."libnghttp2-1.68.1-h877daf1_0"]
url = "https://conda.anaconda.org/conda-forge/linux-64/libnghttp2-1.68.1-h877daf1_0.conda"
checksum = "sha256:663444d77a42f2265f54fb8b48c5450bfff4388d9c0f8253dd7855f0d993153f"

[conda-packages.linux-x64."libogg-1.3.5-hd0c01bc_1"]
url = "https://conda.anaconda.org/conda-forge/linux-64/libogg-1.3.5-hd0c01bc_1.conda"
checksum = "sha256:ffb066ddf2e76953f92e06677021c73c85536098f1c21fcd15360dbc859e22e4"

[conda-packages.linux-x64."libopenvino-2026.0.0-hb56ce9e_1"]
url = "https://conda.anaconda.org/conda-forge/linux-64/libopenvino-2026.0.0-hb56ce9e_1.conda"
checksum = "sha256:a396a2d1aa267f21c98717ac097138b32e41e4c40ae501729bded3801476eeb5"

[conda-packages.linux-x64."libopenvino-auto-batch-plugin-2026.0.0-hd85de46_1"]
url = "https://conda.anaconda.org/conda-forge/linux-64/libopenvino-auto-batch-plugin-2026.0.0-hd85de46_1.conda"
checksum = "sha256:286de85805dc69ce0bd25367ae2a20c8096ddef35eb2483474eb246dacd5387e"

[conda-packages.linux-x64."libopenvino-auto-plugin-2026.0.0-hd85de46_1"]
url = "https://conda.anaconda.org/conda-forge/linux-64/libopenvino-auto-plugin-2026.0.0-hd85de46_1.conda"
checksum = "sha256:9988ed6339a5eb044ae8d079e2b22f5a310c41e49a0cf716057f30b21ef9cec2"

[conda-packages.linux-x64."libopenvino-hetero-plugin-2026.0.0-hd41364c_1"]
url = "https://conda.anaconda.org/conda-forge/linux-64/libopenvino-hetero-plugin-2026.0.0-hd41364c_1.conda"
checksum = "sha256:c7db498aeda5b0f36b347f4211b93b66ba108faaf54157a08bae8fa3c3af5f81"

[conda-packages.linux-x64."libopenvino-intel-cpu-plugin-2026.0.0-hb56ce9e_1"]
url = "https://conda.anaconda.org/conda-forge/linux-64/libopenvino-intel-cpu-plugin-2026.0.0-hb56ce9e_1.conda"
checksum = "sha256:01a28c0bd1f205b3800e7759e30bc8e8a75836e0d5a73a745b4da42837bbb174"

[conda-packages.linux-x64."libopenvino-intel-gpu-plugin-2026.0.0-hb56ce9e_1"]
url = "https://conda.anaconda.org/conda-forge/linux-64/libopenvino-intel-gpu-plugin-2026.0.0-hb56ce9e_1.conda"
checksum = "sha256:720b87e1d5f1a10c577e040d4bf425072a978e925c6dfab8b1551bc848007c94"

[conda-packages.linux-x64."libopenvino-intel-npu-plugin-2026.0.0-hb56ce9e_1"]
url = "https://conda.anaconda.org/conda-forge/linux-64/libopenvino-intel-npu-plugin-2026.0.0-hb56ce9e_1.conda"
checksum = "sha256:df7eb2b23a1af38f2cd2281353309f2e2a04da1374ecedc7c6745c2a67ba617c"

[conda-packages.linux-x64."libopenvino-ir-frontend-2026.0.0-hd41364c_1"]
url = "https://conda.anaconda.org/conda-forge/linux-64/libopenvino-ir-frontend-2026.0.0-hd41364c_1.conda"
checksum = "sha256:8e7356b0b80b3f180615e264694d6811d388b210155d419553ff64e42f78ffa0"

[conda-packages.linux-x64."libopenvino-onnx-frontend-2026.0.0-h7a07914_1"]
url = "https://conda.anaconda.org/conda-forge/linux-64/libopenvino-onnx-frontend-2026.0.0-h7a07914_1.conda"
checksum = "sha256:35a68214201e807bd9a31f94e618cb6a5385198e89eef46dde6c122cff77da58"

[conda-packages.linux-x64."libopenvino-paddle-frontend-2026.0.0-h7a07914_1"]
url = "https://conda.anaconda.org/conda-forge/linux-64/libopenvino-paddle-frontend-2026.0.0-h7a07914_1.conda"
checksum = "sha256:cb37b717480207a66443a93d4342cf88210a74c0820fc0edd70e4fc791a64779"

[conda-packages.linux-x64."libopenvino-pytorch-frontend-2026.0.0-hecca717_1"]
url = "https://conda.anaconda.org/conda-forge/linux-64/libopenvino-pytorch-frontend-2026.0.0-hecca717_1.conda"
checksum = "sha256:086469e5cd8bfde48975fe8641a7d6924e3da00d75dd06c99e03a78df03a0568"

[conda-packages.linux-x64."libopenvino-tensorflow-frontend-2026.0.0-h78e8023_1"]
url = "https://conda.anaconda.org/conda-forge/linux-64/libopenvino-tensorflow-frontend-2026.0.0-h78e8023_1.conda"
checksum = "sha256:3a9a404bc9fd39e7395d49f4bd8facb58a01a31aeceabe8723a9d4f8eb5cc381"

[conda-packages.linux-x64."libopenvino-tensorflow-lite-frontend-2026.0.0-hecca717_1"]
url = "https://conda.anaconda.org/conda-forge/linux-64/libopenvino-tensorflow-lite-frontend-2026.0.0-hecca717_1.conda"
checksum = "sha256:e7cee37c92ed0b62c0458c13937b6ad66319f1879f236a31c3a67391a999f429"

[conda-packages.linux-x64."libopus-1.6.1-h280c20c_0"]
url = "https://conda.anaconda.org/conda-forge/linux-64/libopus-1.6.1-h280c20c_0.conda"
checksum = "sha256:f1061a26213b9653bbb8372bfa3f291787ca091a9a3060a10df4d5297aad74fd"

[conda-packages.linux-x64."libpciaccess-0.18-hb9d3cd8_0"]
url = "https://conda.anaconda.org/conda-forge/linux-64/libpciaccess-0.18-hb9d3cd8_0.conda"
checksum = "sha256:0bd91de9b447a2991e666f284ae8c722ffb1d84acb594dbd0c031bd656fa32b2"

[conda-packages.linux-x64."libplacebo-7.360.1-h9eeb4b2_0"]
url = "https://conda.anaconda.org/conda-forge/linux-64/libplacebo-7.360.1-h9eeb4b2_0.conda"
checksum = "sha256:26cbbd3d7b91801826c779c3f7e87d071856d5cbe3d55b22777ca0d984fb02ed"

[conda-packages.linux-x64."libpng-1.6.58-h421ea60_0"]
url = "https://conda.anaconda.org/conda-forge/linux-64/libpng-1.6.58-h421ea60_0.conda"
checksum = "sha256:377cfe037f3eeb3b1bf3ad333f724a64d32f315ee1958581fc671891d63d3f89"

[conda-packages.linux-x64."libprotobuf-6.33.5-h2b00c02_0"]
url = "https://conda.anaconda.org/conda-forge/linux-64/libprotobuf-6.33.5-h2b00c02_0.conda"
checksum = "sha256:afbf195443269ae10a940372c1d37cda749355d2bd96ef9587a962abd87f2429"

[conda-packages.linux-x64."librsvg-2.62.1-h4c96295_0"]
url = "https://conda.anaconda.org/conda-forge/linux-64/librsvg-2.62.1-h4c96295_0.conda"
checksum = "sha256:dc4698b32b2ca3fc0715d7d307476a71622bee0f2f708f9dadec8af21e1047c8"

[conda-packages.linux-x64."libsndfile-1.2.2-hc7d488a_2"]
url = "https://conda.anaconda.org/conda-forge/linux-64/libsndfile-1.2.2-hc7d488a_2.conda"
checksum = "sha256:57cb5f92110324c04498b96563211a1bca6a74b2918b1e8df578bfed03cc32e4"

[conda-packages.linux-x64."libssh2-1.11.1-hcf80075_0"]
url = "https://conda.anaconda.org/conda-forge/linux-64/libssh2-1.11.1-hcf80075_0.conda"
checksum = "sha256:fa39bfd69228a13e553bd24601332b7cfeb30ca11a3ca50bb028108fe90a7661"

[conda-packages.linux-x64."libstdcxx-15.2.0-h934c35e_19"]
url = "https://conda.anaconda.org/conda-forge/linux-64/libstdcxx-15.2.0-h934c35e_19.conda"
checksum = "sha256:dff1058c76ec6b8759e41cefa2508162d00e4a5e6721aa68ec3fd10094e702dc"

[conda-packages.linux-x64."libstdcxx-ng-15.2.0-hdf11a46_19"]
url = "https://conda.anaconda.org/conda-forge/linux-64/libstdcxx-ng-15.2.0-hdf11a46_19.conda"
checksum = "sha256:0672b6b6e1791c92e8eccad58081a99d614fcf82bca5841f9dfa3c3e658f83b9"

[conda-packages.linux-x64."libsystemd0-260.1-h6569c3e_0"]
url = "https://conda.anaconda.org/conda-forge/linux-64/libsystemd0-260.1-h6569c3e_0.conda"
checksum = "sha256:ba910ee191b814298210b116f2923892f5daf33b6cb16db077c4e2c8ca9d5cf4"

[conda-packages.linux-x64."libtiff-4.7.1-h9d88235_1"]
url = "https://conda.anaconda.org/conda-forge/linux-64/libtiff-4.7.1-h9d88235_1.conda"
checksum = "sha256:e5f8c38625aa6d567809733ae04bb71c161a42e44a9fa8227abe61fa5c60ebe0"

[conda-packages.linux-x64."libudev1-260.1-h6569c3e_0"]
url = "https://conda.anaconda.org/conda-forge/linux-64/libudev1-260.1-h6569c3e_0.conda"
checksum = "sha256:53c317039eaed772c695fcf13e13c330fa162f7ac0a3fa6d22e79a8115650775"

[conda-packages.linux-x64."libunwind-1.8.3-h65a8314_0"]
url = "https://conda.anaconda.org/conda-forge/linux-64/libunwind-1.8.3-h65a8314_0.conda"
checksum = "sha256:71c8b9d5c72473752a0bb6e91b01dd209a03916cb71f36cc6a564e3a2a132d7a"

[conda-packages.linux-x64."liburing-2.14-hb700be7_0"]
url = "https://conda.anaconda.org/conda-forge/linux-64/liburing-2.14-hb700be7_0.conda"
checksum = "sha256:3d17b7aa90610afc65356e9e6149aeac0b2df19deda73a51f0a09cf04fd89286"

[conda-packages.linux-x64."libusb-1.0.29-h73b1eb8_0"]
url = "https://conda.anaconda.org/conda-forge/linux-64/libusb-1.0.29-h73b1eb8_0.conda"
checksum = "sha256:89c84f5b26028a9d0f5c4014330703e7dff73ba0c98f90103e9cef6b43a5323c"

[conda-packages.linux-x64."libuuid-2.42-h5347b49_0"]
url = "https://conda.anaconda.org/conda-forge/linux-64/libuuid-2.42-h5347b49_0.conda"
checksum = "sha256:bc1b08c92626c91500fd9f26f2c797f3eb153b627d53e9c13cd167f1e12b2829"

[conda-packages.linux-x64."libva-2.23.0-he1eb515_0"]
url = "https://conda.anaconda.org/conda-forge/linux-64/libva-2.23.0-he1eb515_0.conda"
checksum = "sha256:255c7d00b54e26f19fad9340db080716bced1d8539606e2b8396c57abd40007c"

[conda-packages.linux-x64."libvorbis-1.3.7-h54a6638_2"]
url = "https://conda.anaconda.org/conda-forge/linux-64/libvorbis-1.3.7-h54a6638_2.conda"
checksum = "sha256:ca494c99c7e5ecc1b4cd2f72b5584cef3d4ce631d23511184411abcbb90a21a5"

[conda-packages.linux-x64."libvpl-2.16.0-h54a6638_0"]
url = "https://conda.anaconda.org/conda-forge/linux-64/libvpl-2.16.0-h54a6638_0.conda"
checksum = "sha256:38850657dd6835613ef16b34895a54bea98bc7639db6a649c886b331635714fc"

[conda-packages.linux-x64."libvpx-1.15.2-hecca717_0"]
url = "https://conda.anaconda.org/conda-forge/linux-64/libvpx-1.15.2-hecca717_0.conda"
checksum = "sha256:8e1119977f235b488ab32d540c018d3fd1eccefc3dd3859921a0ff555d8c10d2"

[conda-packages.linux-x64."libvulkan-loader-1.4.341.0-h5279c79_0"]
url = "https://conda.anaconda.org/conda-forge/linux-64/libvulkan-loader-1.4.341.0-h5279c79_0.conda"
checksum = "sha256:a68280d57dfd29e3d53400409a39d67c4b9515097eba733aa6fe00c880620e2b"

[conda-packages.linux-x64."libwebp-base-1.6.0-hd42ef1d_0"]
url = "https://conda.anaconda.org/conda-forge/linux-64/libwebp-base-1.6.0-hd42ef1d_0.conda"
checksum = "sha256:3aed21ab28eddffdaf7f804f49be7a7d701e8f0e46c856d801270b470820a37b"

[conda-packages.linux-x64."libxcb-1.17.0-h8a09558_0"]
url = "https://conda.anaconda.org/conda-forge/linux-64/libxcb-1.17.0-h8a09558_0.conda"
checksum = "sha256:666c0c431b23c6cec6e492840b176dde533d48b7e6fb8883f5071223433776aa"

[conda-packages.linux-x64."libxcrypt-4.4.36-hd590300_1"]
url = "https://conda.anaconda.org/conda-forge/linux-64/libxcrypt-4.4.36-hd590300_1.conda"
checksum = "sha256:6ae68e0b86423ef188196fff6207ed0c8195dd84273cb5623b85aa08033a410c"

[conda-packages.linux-x64."libxkbcommon-1.13.1-hca5e8e5_0"]
url = "https://conda.anaconda.org/conda-forge/linux-64/libxkbcommon-1.13.1-hca5e8e5_0.conda"
checksum = "sha256:d2195b5fbcb0af1ff7b345efdf89290c279b8d1d74f325ae0ac98148c375863c"

[conda-packages.linux-x64."libxml2-16-2.15.3-hca6bf5a_0"]
url = "https://conda.anaconda.org/conda-forge/linux-64/libxml2-16-2.15.3-hca6bf5a_0.conda"
checksum = "sha256:3d44f737c5ae52d5af32682cc1530df433f401f8e58a7533926536244127572a"

[conda-packages.linux-x64."libxml2-2.15.3-h49c6c72_0"]
url = "https://conda.anaconda.org/conda-forge/linux-64/libxml2-2.15.3-h49c6c72_0.conda"
checksum = "sha256:3bc5551720c58591f6ea1146f7d1539c734ed1c40e7b9f5cb8cb7e900c509aba"

[conda-packages.linux-x64."libzlib-1.3.2-h25fd6f3_2"]
url = "https://conda.anaconda.org/conda-forge/linux-64/libzlib-1.3.2-h25fd6f3_2.conda"
checksum = "sha256:55044c403570f0dc26e6364de4dc5368e5f3fc7ff103e867c487e2b5ab2bcda9"

[conda-packages.linux-x64."mpg123-1.32.9-hc50e24c_0"]
url = "https://conda.anaconda.org/conda-forge/linux-64/mpg123-1.32.9-hc50e24c_0.conda"
checksum = "sha256:39c4700fb3fbe403a77d8cc27352fa72ba744db487559d5d44bf8411bb4ea200"

[conda-packages.linux-x64."ncurses-6.6-hdb14827_0"]
url = "https://conda.anaconda.org/conda-forge/linux-64/ncurses-6.6-hdb14827_0.conda"
checksum = "sha256:fc89f74bbe362fb29fa3c037697a89bec140b346a2469a90f7936d1d7ea4d8a3"

[conda-packages.linux-x64."ocl-icd-2.3.3-hb9d3cd8_0"]
url = "https://conda.anaconda.org/conda-forge/linux-64/ocl-icd-2.3.3-hb9d3cd8_0.conda"
checksum = "sha256:2254dae821b286fb57c61895f2b40e3571a070910fdab79a948ff703e1ea807b"

[conda-packages.linux-x64."opencl-headers-2025.06.13-hecca717_0"]
url = "https://conda.anaconda.org/conda-forge/linux-64/opencl-headers-2025.06.13-hecca717_0.conda"
checksum = "sha256:8de2f0cd8a659b01abf86e7fbb8cea4f28ada62fd288429a2bbc040db1b98dd0"

[conda-packages.linux-x64."openh264-2.6.0-hc22cd8d_0"]
url = "https://conda.anaconda.org/conda-forge/linux-64/openh264-2.6.0-hc22cd8d_0.conda"
checksum = "sha256:3f231f2747a37a58471c82a9a8a80d92b7fece9f3fce10901a5ac888ce00b747"

[conda-packages.linux-x64."openssl-3.6.2-h35e630c_0"]
url = "https://conda.anaconda.org/conda-forge/linux-64/openssl-3.6.2-h35e630c_0.conda"
checksum = "sha256:c0ef482280e38c71a08ad6d71448194b719630345b0c9c60744a2010e8a8e0cb"

[conda-packages.linux-x64."pango-1.56.4-hda50119_1"]
url = "https://conda.anaconda.org/conda-forge/linux-64/pango-1.56.4-hda50119_1.conda"
checksum = "sha256:315b52bfa6d1a820f4806f6490d472581438a28e21df175290477caec18972b0"

[conda-packages.linux-x64."pcre2-10.47-haa7fec5_0"]
url = "https://conda.anaconda.org/conda-forge/linux-64/pcre2-10.47-haa7fec5_0.conda"
checksum = "sha256:5e6f7d161356fefd981948bea5139c5aa0436767751a6930cb1ca801ebb113ff"

[conda-packages.linux-x64."perl-5.32.1-7_hd590300_perl5"]
url = "https://conda.anaconda.org/conda-forge/linux-64/perl-5.32.1-7_hd590300_perl5.conda"
checksum = "sha256:9ec32b6936b0e37bcb0ed34f22ec3116e75b3c0964f9f50ecea5f58734ed6ce9"

[conda-packages.linux-x64."pixman-0.46.4-h54a6638_1"]
url = "https://conda.anaconda.org/conda-forge/linux-64/pixman-0.46.4-h54a6638_1.conda"
checksum = "sha256:43d37bc9ca3b257c5dd7bf76a8426addbdec381f6786ff441dc90b1a49143b6a"

[conda-packages.linux-x64."pthread-stubs-0.4-hb9d3cd8_1002"]
url = "https://conda.anaconda.org/conda-forge/linux-64/pthread-stubs-0.4-hb9d3cd8_1002.conda"
checksum = "sha256:9c88f8c64590e9567c6c80823f0328e58d3b1efb0e1c539c0315ceca764e0973"

[conda-packages.linux-x64."pugixml-1.15-h3f63f65_0"]
url = "https://conda.anaconda.org/conda-forge/linux-64/pugixml-1.15-h3f63f65_0.conda"
checksum = "sha256:23c98a5000356e173568dc5c5770b53393879f946f3ace716bbdefac2a8b23d2"

[conda-packages.linux-x64."pulseaudio-client-17.0-h9a6aba3_3"]
url = "https://conda.anaconda.org/conda-forge/linux-64/pulseaudio-client-17.0-h9a6aba3_3.conda"
checksum = "sha256:0a0858c59805d627d02bdceee965dd84fde0aceab03a2f984325eec08d822096"

[conda-packages.linux-x64."sdl2-2.32.56-h54a6638_0"]
url = "https://conda.anaconda.org/conda-forge/linux-64/sdl2-2.32.56-h54a6638_0.conda"
checksum = "sha256:987ad072939fdd51c92ea8d3544b286bb240aefda329f9b03a51d9b7e777f9de"

[conda-packages.linux-x64."sdl3-3.4.8-hdeec2a5_0"]
url = "https://conda.anaconda.org/conda-forge/linux-64/sdl3-3.4.8-hdeec2a5_0.conda"
checksum = "sha256:bec327fffc08369afe4c1384a5b50cac9b38e7af42ebdf5f89628633bd980dbd"

[conda-packages.linux-x64."shaderc-2026.2-h718be3e_0"]
url = "https://conda.anaconda.org/conda-forge/linux-64/shaderc-2026.2-h718be3e_0.conda"
checksum = "sha256:c6e3280867e54c97996a4fedda0ab72c92d48d1d69258bddf910130df72c169d"

[conda-packages.linux-x64."snappy-1.2.2-h03e3b7b_1"]
url = "https://conda.anaconda.org/conda-forge/linux-64/snappy-1.2.2-h03e3b7b_1.conda"
checksum = "sha256:48f3f6a76c34b2cfe80de9ce7f2283ecb55d5ed47367ba91e8bb8104e12b8f11"

[conda-packages.linux-x64."spirv-tools-2026.1-hb700be7_0"]
url = "https://conda.anaconda.org/conda-forge/linux-64/spirv-tools-2026.1-hb700be7_0.conda"
checksum = "sha256:003180b3a2e0c6490b1f3461cf9e0ed740b1bbf88ee4b73ee177b94bea0dc95d"

[conda-packages.linux-x64."svt-av1-4.0.1-hecca717_0"]
url = "https://conda.anaconda.org/conda-forge/linux-64/svt-av1-4.0.1-hecca717_0.conda"
checksum = "sha256:4a1d2005153b9454fc21c9bad1b539df189905be49e851ec62a6212c2e045381"

[conda-packages.linux-x64."tbb-2023.0.0-hab88423_2"]
url = "https://conda.anaconda.org/conda-forge/linux-64/tbb-2023.0.0-hab88423_2.conda"
checksum = "sha256:30cb9355c2fefc20ff1a3d6566b9714d5614086a2524c07721fc344eb20515ae"

[conda-packages.linux-x64."wayland-1.25.0-hd6090a7_0"]
url = "https://conda.anaconda.org/conda-forge/linux-64/wayland-1.25.0-hd6090a7_0.conda"
checksum = "sha256:ea374d57a8fcda281a0a89af0ee49a2c2e99cc4ac97cf2e2db7064e74e764bdb"

[conda-packages.linux-x64."wayland-protocols-1.47-hd8ed1ab_0"]
url = "https://conda.anaconda.org/conda-forge/noarch/wayland-protocols-1.47-hd8ed1ab_0.conda"
checksum = "sha256:9ab2c12053ea8984228dd573114ffc6d63df42c501d59fda3bf3aeb1eaa1d23e"

[conda-packages.linux-x64."x264-1!164.3095-h166bdaf_2"]
url = "https://conda.anaconda.org/conda-forge/linux-64/x264-1!164.3095-h166bdaf_2.tar.bz2"
checksum = "sha256:175315eb3d6ea1f64a6ce470be00fa2ee59980108f246d3072ab8b977cb048a5"

[conda-packages.linux-x64."x265-3.5-h924138e_3"]
url = "https://conda.anaconda.org/conda-forge/linux-64/x265-3.5-h924138e_3.tar.bz2"
checksum = "sha256:76c7405bcf2af639971150f342550484efac18219c0203c5ee2e38b8956fe2a0"

[conda-packages.linux-x64."xkeyboard-config-2.47-hb03c661_0"]
url = "https://conda.anaconda.org/conda-forge/linux-64/xkeyboard-config-2.47-hb03c661_0.conda"
checksum = "sha256:19c2bb14bec84b0e995b56b752369775c75f1589314b43733948bb5f471a6915"

[conda-packages.linux-x64."xorg-libice-1.1.2-hb9d3cd8_0"]
url = "https://conda.anaconda.org/conda-forge/linux-64/xorg-libice-1.1.2-hb9d3cd8_0.conda"
checksum = "sha256:c12396aabb21244c212e488bbdc4abcdef0b7404b15761d9329f5a4a39113c4b"

[conda-packages.linux-x64."xorg-libsm-1.2.6-he73a12e_0"]
url = "https://conda.anaconda.org/conda-forge/linux-64/xorg-libsm-1.2.6-he73a12e_0.conda"
checksum = "sha256:277841c43a39f738927145930ff963c5ce4c4dacf66637a3d95d802a64173250"

[conda-packages.linux-x64."xorg-libx11-1.8.13-he1eb515_0"]
url = "https://conda.anaconda.org/conda-forge/linux-64/xorg-libx11-1.8.13-he1eb515_0.conda"
checksum = "sha256:516d4060139dbb4de49a4dcdc6317a9353fb39ebd47789c14e6fe52de0deee42"

[conda-packages.linux-x64."xorg-libxau-1.0.12-hb03c661_1"]
url = "https://conda.anaconda.org/conda-forge/linux-64/xorg-libxau-1.0.12-hb03c661_1.conda"
checksum = "sha256:6bc6ab7a90a5d8ac94c7e300cc10beb0500eeba4b99822768ca2f2ef356f731b"

[conda-packages.linux-x64."xorg-libxcursor-1.2.3-hb9d3cd8_0"]
url = "https://conda.anaconda.org/conda-forge/linux-64/xorg-libxcursor-1.2.3-hb9d3cd8_0.conda"
checksum = "sha256:832f538ade441b1eee863c8c91af9e69b356cd3e9e1350fff4fe36cc573fc91a"

[conda-packages.linux-x64."xorg-libxdmcp-1.1.5-hb03c661_1"]
url = "https://conda.anaconda.org/conda-forge/linux-64/xorg-libxdmcp-1.1.5-hb03c661_1.conda"
checksum = "sha256:25d255fb2eef929d21ff660a0c687d38a6d2ccfbcbf0cc6aa738b12af6e9d142"

[conda-packages.linux-x64."xorg-libxext-1.3.7-hb03c661_0"]
url = "https://conda.anaconda.org/conda-forge/linux-64/xorg-libxext-1.3.7-hb03c661_0.conda"
checksum = "sha256:79c60fc6acfd3d713d6340d3b4e296836a0f8c51602327b32794625826bd052f"

[conda-packages.linux-x64."xorg-libxfixes-6.0.2-hb03c661_0"]
url = "https://conda.anaconda.org/conda-forge/linux-64/xorg-libxfixes-6.0.2-hb03c661_0.conda"
checksum = "sha256:83c4c99d60b8784a611351220452a0a85b080668188dce5dfa394b723d7b64f4"

[conda-packages.linux-x64."xorg-libxi-1.8.2-hb9d3cd8_0"]
url = "https://conda.anaconda.org/conda-forge/linux-64/xorg-libxi-1.8.2-hb9d3cd8_0.conda"
checksum = "sha256:1a724b47d98d7880f26da40e45f01728e7638e6ec69f35a3e11f92acd05f9e7a"

[conda-packages.linux-x64."xorg-libxrandr-1.5.5-hb03c661_0"]
url = "https://conda.anaconda.org/conda-forge/linux-64/xorg-libxrandr-1.5.5-hb03c661_0.conda"
checksum = "sha256:80ed047a5cb30632c3dc5804c7716131d767089f65877813d4ae855ee5c9d343"

[conda-packages.linux-x64."xorg-libxrender-0.9.12-hb9d3cd8_0"]
url = "https://conda.anaconda.org/conda-forge/linux-64/xorg-libxrender-0.9.12-hb9d3cd8_0.conda"
checksum = "sha256:044c7b3153c224c6cedd4484dd91b389d2d7fd9c776ad0f4a34f099b3389f4a1"

[conda-packages.linux-x64."xorg-libxscrnsaver-1.2.4-hb9d3cd8_0"]
url = "https://conda.anaconda.org/conda-forge/linux-64/xorg-libxscrnsaver-1.2.4-hb9d3cd8_0.conda"
checksum = "sha256:58e8fc1687534124832d22e102f098b5401173212ac69eb9fd96b16a3e2c8cb2"

[conda-packages.linux-x64."xorg-libxtst-1.2.5-hb9d3cd8_3"]
url = "https://conda.anaconda.org/conda-forge/linux-64/xorg-libxtst-1.2.5-hb9d3cd8_3.conda"
checksum = "sha256:752fdaac5d58ed863bbf685bb6f98092fe1a488ea8ebb7ed7b606ccfce08637a"

[conda-packages.linux-x64."zstd-1.5.7-hb78ec9c_6"]
url = "https://conda.anaconda.org/conda-forge/linux-64/zstd-1.5.7-hb78ec9c_6.conda"
checksum = "sha256:68f0206ca6e98fea941e5717cec780ed2873ffabc0e1ed34428c061e2c6268c7"

[[tools."conda:ffmpeg"]]
version = "8.1.1"
backend = "conda:ffmpeg"

[tools."conda:ffmpeg"."platforms.linux-x64"]
checksum = "sha256:6af3f45857478c28fa134e23a8ab7a81ce63cdd29aa2d899232eb7d9410b26e7"
url = "https://conda.anaconda.org/conda-forge/linux-64/ffmpeg-8.1.1-gpl_hee00b0e_901.conda"
conda_deps = [
    "xorg-libx11-1.8.13-he1eb515_0",
    "svt-av1-4.0.1-hecca717_0",
    "shaderc-2026.2-h718be3e_0",
    "sdl2-2.32.56-h54a6638_0",
    "openh264-2.6.0-hc22cd8d_0",
    "libzlib-1.3.2-h25fd6f3_2",
    "libxcb-1.17.0-h8a09558_0",
    "libwebp-base-1.6.0-hd42ef1d_0",
    "libvulkan-loader-1.4.341.0-h5279c79_0",
    "libvpx-1.15.2-hecca717_0",
    "libvpl-2.16.0-h54a6638_0",
    "libva-2.23.0-he1eb515_0",
    "librsvg-2.62.1-h4c96295_0",
    "libplacebo-7.360.1-h9eeb4b2_0",
    "libopus-1.6.1-h280c20c_0",
    "liblzma-5.8.3-hb03c661_0",
    "libfreetype6-2.14.3-h73754d4_0",
    "libfreetype-2.14.3-ha770c72_0",
    "libexpat-2.8.0-hecca717_0",
    "libass-0.17.4-h96ad9f0_0",
    "harfbuzz-14.2.0-h6083320_0",
    "fonts-conda-ecosystem-1-0",
    "fontconfig-2.17.1-h27c8c51_0",
    "dav1d-1.2.1-hd590300_0",
    "aom-3.9.1-hac33072_0",
    "alsa-lib-1.2.15.3-hb03c661_0",
    "spirv-tools-2026.1-hb700be7_0",
    "xorg-libxrandr-1.5.5-hb03c661_0",
    "xorg-libxfixes-6.0.2-hb03c661_0",
    "icu-78.3-h33c6efd_0",
    "xorg-libxrender-0.9.12-hb9d3cd8_0",
    "cairo-1.18.4-he90730b_1",
    "xorg-libsm-1.2.6-he73a12e_0",
    "xorg-libice-1.1.2-hb9d3cd8_0",
    "bzip2-1.0.8-hda65f42_9",
    "gmp-6.3.0-hac33072_2",
    "lame-3.100-h166bdaf_1003",
    "libgcc-15.2.0-he0feb66_19",
    "libgcc-ng-15.2.0-h69a702a_19",
    "libstdcxx-15.2.0-h934c35e_19",
    "libstdcxx-ng-15.2.0-hdf11a46_19",
    "libiconv-1.18-h3b78370_2",
    "libjxl-0.11.2-h174a0a3_1",
    "libhwy-1.4.0-h10be129_0",
    "libopenvino-2026.0.0-hb56ce9e_1",
    "pugixml-1.15-h3f63f65_0",
    "libopenvino-tensorflow-lite-frontend-2026.0.0-hecca717_1",
    "libopenvino-tensorflow-frontend-2026.0.0-h78e8023_1",
    "libopenvino-pytorch-frontend-2026.0.0-hecca717_1",
    "libopenvino-paddle-frontend-2026.0.0-h7a07914_1",
    "libopenvino-onnx-frontend-2026.0.0-h7a07914_1",
    "libopenvino-ir-frontend-2026.0.0-hd41364c_1",
    "libopenvino-intel-npu-plugin-2026.0.0-hb56ce9e_1",
    "libopenvino-intel-gpu-plugin-2026.0.0-hb56ce9e_1",
    "libopenvino-intel-cpu-plugin-2026.0.0-hb56ce9e_1",
    "libopenvino-hetero-plugin-2026.0.0-hd41364c_1",
    "libopenvino-auto-plugin-2026.0.0-hd85de46_1",
    "libopenvino-auto-batch-plugin-2026.0.0-hd85de46_1",
    "libprotobuf-6.33.5-h2b00c02_0",
    "libabseil-20260107.1-cxx17_h7b12aa8_0",
    "ocl-icd-2.3.3-hb9d3cd8_0",
    "libvorbis-1.3.7-h54a6638_2",
    "libxml2-2.15.3-h49c6c72_0",
    "libxml2-16-2.15.3-hca6bf5a_0",
    "openssl-3.6.2-h35e630c_0",
    "pulseaudio-client-17.0-h9a6aba3_3",
    "x264-1!164.3095-h166bdaf_2",
    "x265-3.5-h924138e_3",
    "libuuid-2.42-h5347b49_0",
    "fonts-conda-forge-1-hc364b38_1",
    "font-ttf-dejavu-sans-mono-2.37-hab24e00_0",
    "graphite2-1.3.14-hecca717_2",
    "libglib-2.88.1-h0d30a3d_2",
    "pcre2-10.47-haa7fec5_0",
    "fribidi-1.0.16-hb03c661_0",
    "libpng-1.6.58-h421ea60_0",
    "_openmp_mutex-4.5-20_gnu",
    "libgomp-15.2.0-he0feb66_19",
    "libbrotlienc-1.2.0-hb03c661_1",
    "libbrotlicommon-1.2.0-hb03c661_1",
    "libbrotlidec-1.2.0-hb03c661_1",
    "tbb-2023.0.0-hab88423_2",
    "level-zero-1.28.4-hb700be7_0",
    "snappy-1.2.2-h03e3b7b_1",
    "libdovi-3.3.2-ha23c83e_4",
    "lcms2-2.19.1-h0c24ade_0",
    "libjpeg-turbo-3.1.4.1-hb03c661_0",
    "gdk-pixbuf-2.44.6-h2b0a6b4_0",
    "pango-1.56.4-hda50119_1",
    "libdrm-2.4.125-hb03c661_1",
    "libegl-1.7.0-ha4b6fd6_2",
    "libglvnd-1.7.0-ha4b6fd6_2",
    "libglx-1.7.0-ha4b6fd6_2",
    "libgl-1.7.0-ha4b6fd6_2",
    "wayland-1.25.0-hd6090a7_0",
    "wayland-protocols-1.47-hd8ed1ab_0",
    "xorg-libxext-1.3.7-hb03c661_0",
    "libogg-1.3.5-hd0c01bc_1",
    "intel-media-driver-26.1.6-hecca717_0",
    "intel-gmmlib-22.10.0-hb700be7_0",
    "pthread-stubs-0.4-hb9d3cd8_1002",
    "xorg-libxau-1.0.12-hb03c661_1",
    "xorg-libxdmcp-1.1.5-hb03c661_1",
    "ca-certificates-2026.4.22-hbd8a1cb_0",
    "dbus-1.16.2-h24cb091_1",
    "libsndfile-1.2.2-hc7d488a_2",
    "mpg123-1.32.9-hc50e24c_0",
    "libsystemd0-260.1-h6569c3e_0",
    "sdl3-3.4.8-hdeec2a5_0",
    "libxkbcommon-1.13.1-hca5e8e5_0",
    "xorg-libxscrnsaver-1.2.4-hb9d3cd8_0",
    "liburing-2.14-hb700be7_0",
    "xorg-libxi-1.8.2-hb9d3cd8_0",
    "libusb-1.0.29-h73b1eb8_0",
    "xorg-libxcursor-1.2.3-hb9d3cd8_0",
    "libunwind-1.8.3-h65a8314_0",
    "glslang-16.3.0-h96af755_0",
    "font-ttf-ubuntu-0.83-h77eed37_3",
    "font-ttf-inconsolata-3.000-h77eed37_0",
    "font-ttf-source-code-pro-2.038-h77eed37_0",
    "pixman-0.46.4-h54a6638_1",
    "libffi-3.5.2-h3435931_0",
    "libhwloc-2.13.0-default_he001693_1000",
    "opencl-headers-2025.06.13-hecca717_0",
    "libtiff-4.7.1-h9d88235_1",
    "libdeflate-1.25-h17f619e_0",
    "libpciaccess-0.18-hb9d3cd8_0",
    "libflac-1.5.0-he200343_1",
    "libcap-2.77-hd0affe5_1",
    "xorg-libxtst-1.2.5-hb9d3cd8_3",
    "libudev1-260.1-h6569c3e_0",
    "lerc-4.1.0-hdb68285_0",
    "zstd-1.5.7-hb78ec9c_6",
    "xkeyboard-config-2.47-hb03c661_0",
]

[[tools."conda:git"]]
version = "2.54.0"
backend = "conda:git"

[tools."conda:git"."platforms.linux-x64"]
checksum = "sha256:718eb36fe23cac36c7bbeeb21ea0078256c8790b0e949a4ebb322e8e1da6c405"
url = "https://conda.anaconda.org/conda-forge/linux-64/git-2.54.0-pl5321h6d3cee1_0.conda"
conda_deps = [
    "pcre2-10.47-haa7fec5_0",
    "libzlib-1.3.2-h25fd6f3_2",
    "libexpat-2.8.0-hecca717_0",
    "libcurl-8.20.0-hcf29cc6_0",
    "libnghttp2-1.68.1-h877daf1_0",
    "krb5-1.22.2-ha1258a1_0",
    "c-ares-1.34.6-hb03c661_0",
    "libedit-3.1.20250104-pl5321h7949ede_0",
    "keyutils-1.6.3-hb9d3cd8_0",
    "libgcc-15.2.0-he0feb66_19",
    "libstdcxx-15.2.0-h934c35e_19",
    "libiconv-1.18-h3b78370_2",
    "openssl-3.6.2-h35e630c_0",
    "perl-5.32.1-7_hd590300_perl5",
    "libgcc-ng-15.2.0-h69a702a_19",
    "libssh2-1.11.1-hcf80075_0",
    "zstd-1.5.7-hb78ec9c_6",
    "_openmp_mutex-4.5-20_gnu",
    "libgomp-15.2.0-he0feb66_19",
    "ca-certificates-2026.4.22-hbd8a1cb_0",
    "bzip2-1.0.8-hda65f42_9",
    "libxcrypt-4.4.36-hd590300_1",
    "libev-4.33-hd590300_2",
    "ncurses-6.6-hdb14827_0",
]

[[tools.gh]]
version = "2.92.0"
backend = "aqua:cli/cli"

[tools.gh."platforms.linux-x64"]
checksum = "sha256:b57848131bdf0c229cd35e1f2a51aa718199858b2e728410b37e89a428943ec4"
url = "https://github.com/cli/cli/releases/download/v2.92.0/gh_2.92.0_linux_amd64.tar.gz"
provenance = "github-attestations"

[[tools.node]]
version = "24.15.0"
backend = "core:node"

[tools.node."platforms.linux-x64"]
checksum = "sha256:44836872d9aec49f1e6b52a9a922872db9a2b02d235a616a5681b6a85fec8d89"
url = "https://nodejs.org/dist/v24.15.0/node-v24.15.0-linux-x64.tar.gz"

[[tools."npm:@openai/codex"]]
version = "0.130.0"
backend = "npm:@openai/codex"

[[tools.powershell-core]]
version = "7.6.1"
backend = "aqua:PowerShell/PowerShell"

[tools.powershell-core."platforms.linux-x64"]
checksum = "sha256:dfc94229767921603f7c3e1cb1ac5aa931448af7496ccf657723b6278057c415"
url = "https://github.com/PowerShell/PowerShell/releases/download/v7.6.1/powershell-7.6.1-linux-x64.tar.gz"

[[tools.python]]
version = "3.13.13"
backend = "core:python"

[tools.python."platforms.linux-x64"]
checksum = "sha256:bbe27549e475fe5f22d42a8e0d553dc79d80d8a00e05712599637857d287360e"
url = "https://github.com/astral-sh/python-build-standalone/releases/download/20260510/cpython-3.13.13+20260510-x86_64-unknown-linux-gnu-install_only_stripped.tar.gz"
provenance = "github-attestations"

[[tools.uv]]
version = "0.11.14"
backend = "aqua:astral-sh/uv"

[tools.uv."platforms.linux-x64"]
checksum = "sha256:077d36f45a0cc6d440b653b2d5c53e7731121e99e54b0221267eec5d1cae76ce"
url = "https://github.com/astral-sh/uv/releases/download/0.11.14/uv-x86_64-unknown-linux-musl.tar.gz"
provenance = "github-attestations"

[[tools.yt-dlp]]
version = "2026.03.17"
backend = "github:yt-dlp/yt-dlp"

[tools.yt-dlp."platforms.linux-x64"]
checksum = "sha256:addc00e4509ad82e9c06f7ef35a8ca0ccd09b33a295212a475d0cf16c16e1466"
url = "https://github.com/yt-dlp/yt-dlp/releases/download/2026.03.17/yt-dlp_linux.zip"
url_api = "https://api.github.com/repos/yt-dlp/yt-dlp/releases/assets/376073941"
provenance = "github-attestations"
